
Microsoft Visual Studio Solution File, Format Version 12.00
# Visual Studio Version 17
VisualStudioVersion = 17.11.35312.102
MinimumVisualStudioVersion = 10.0.40219.1
Project("{9A19103F-16F7-4668-BE54-9A1E7A4F7556}") = "RestaurantReservierung", "RestaurantReservierung.csproj", "{5EA296BE-AF25-4084-813E-5DA55DD2948F}"
EndProject
Project("{FAE04EC0-301F-11D3-BF4B-00C04F79EFBC}") = "Tests", "Tests\Tests.csproj", "{D2193827-C681-4076-BBEE-70AD0D0540FF}"
EndProject
Global
	GlobalSection(SolutionConfigurationPlatforms) = preSolution
		Debug|Any CPU = Debug|Any CPU
		Release|Any CPU = Release|Any CPU
	EndGlobalSection
	GlobalSection(ProjectConfigurationPlatforms) = postSolution
		{5EA296BE-AF25-4084-813E-5DA55DD2948F}.Debug|Any CPU.ActiveCfg = Debug|Any CPU
		{5EA296BE-AF25-4084-813E-5DA55DD2948F}.Debug|Any CPU.Build.0 = Debug|Any CPU
		{5EA296BE-AF25-4084-813E-5DA55DD2948F}.Release|Any CPU.ActiveCfg = Release|Any CPU
		{5EA296BE-AF25-4084-813E-5DA55DD2948F}.Release|Any CPU.Build.0 = Release|Any CPU
		{D2193827-C681-4076-BBEE-70AD0D0540FF}.Debug|Any CPU.ActiveCfg = Debug|Any CPU
		{D2193827-C681-4076-BBEE-70AD0D0540FF}.Debug|Any CPU.Build.0 = Debug|Any CPU
		{D2193827-C681-4076-BBEE-70AD0D0540FF}.Release|Any CPU.ActiveCfg = Release|Any CPU
		{D2193827-C681-4076-BBEE-70AD0D0540FF}.Release|Any CPU.Build.0 = Release|Any CPU
	EndGlobalSection
	GlobalSection(SolutionProperties) = preSolution
		HideSolutionNode = FALSE
	EndGlobalSection
	GlobalSection(ExtensibilityGlobals) = postSolution
		SolutionGuid = {5F38775A-D04D-4B8E-AE5A-EB01721660FE}
	EndGlobalSection
EndGlobal
